
Microsoft Visual Studio Solution File, Format Version 12.00
# Visual Studio Version 17
VisualStudioVersion = 17.3.32929.385
MinimumVisualStudioVersion = 10.0.40219.1
Project("{FAE04EC0-301F-11D3-BF4B-00C04F79EFBC}") = "DoggoApi", "DoggoApi\DoggoApi.csproj", "{A0DF479C-4519-4F0A-900C-374FEA652D60}"
EndProject
Global
	GlobalSection(SolutionConfigurationPlatforms) = preSolution
		Debug|Any CPU = Debug|Any CPU
		Release|Any CPU = Release|Any CPU
	EndGlobalSection
	GlobalSection(ProjectConfigurationPlatforms) = postSolution
		{A0DF479C-4519-4F0A-900C-374FEA652D60}.Debug|Any CPU.ActiveCfg = Debug|Any CPU
		{A0DF479C-4519-4F0A-900C-374FEA652D60}.Debug|Any CPU.Build.0 = Debug|Any CPU
		{A0DF479C-4519-4F0A-900C-374FEA652D60}.Release|Any CPU.ActiveCfg = Release|Any CPU
		{A0DF479C-4519-4F0A-900C-374FEA652D60}.Release|Any CPU.Build.0 = Release|Any CPU
	EndGlobalSection
	GlobalSection(SolutionProperties) = preSolution
		HideSolutionNode = FALSE
	EndGlobalSection
	GlobalSection(ExtensibilityGlobals) = postSolution
		SolutionGuid = {35F99073-4F78-480E-A63A-28859812F794}
	EndGlobalSection
EndGlobal
