Microsoft Visual Studio Solution File, Format Version 12.00
# Visual Studio Version 17
VisualStudioVersion = 17.5.2.0
MinimumVisualStudioVersion = 10.0.40219.1
Project("{FAE04EC0-301F-11D3-BF4B-00C04F79EFBC}") = "DogApi", "DogApi.csproj", "{2DBC9432-A61B-8565-2DF9-09F45DDAE5B3}"
EndProject
Global
	GlobalSection(SolutionConfigurationPlatforms) = preSolution
		Debug|Any CPU = Debug|Any CPU
		Release|Any CPU = Release|Any CPU
	EndGlobalSection
	GlobalSection(ProjectConfigurationPlatforms) = postSolution
		{2DBC9432-A61B-8565-2DF9-09F45DDAE5B3}.Debug|Any CPU.ActiveCfg = Debug|Any CPU
		{2DBC9432-A61B-8565-2DF9-09F45DDAE5B3}.Debug|Any CPU.Build.0 = Debug|Any CPU
		{2DBC9432-A61B-8565-2DF9-09F45DDAE5B3}.Release|Any CPU.ActiveCfg = Release|Any CPU
		{2DBC9432-A61B-8565-2DF9-09F45DDAE5B3}.Release|Any CPU.Build.0 = Release|Any CPU
	EndGlobalSection
	GlobalSection(SolutionProperties) = preSolution
		HideSolutionNode = FALSE
	EndGlobalSection
	GlobalSection(ExtensibilityGlobals) = postSolution
		SolutionGuid = {60896850-5D1B-4A1A-B834-E920304401C2}
	EndGlobalSection
EndGlobal
